
Microsoft Visual Studio Solution File, Format Version 12.00
Project("{FAE04EC0-301F-11D3-BF4B-00C04F79EFBC}") = "DistributionEventHub", "src\DistributionEventHub\DistributionEventHub.csproj", "{19D6AE42-15BE-46B9-AF9E-812D4E84A6F0}"
EndProject
Project("{2150E333-8FDC-42A3-9474-1A3956D46DE8}") = "samples", "samples", "{123C0A4C-7E09-4255-ACFB-F24DB842ACB3}"
EndProject
Project("{FAE04EC0-301F-11D3-BF4B-00C04F79EFBC}") = "SampleServiceMoon", "samples\SampleServiceMoon\SampleServiceMoon.csproj", "{637A4F31-4D74-4C47-8CA9-018E92174128}"
EndProject
Project("{FAE04EC0-301F-11D3-BF4B-00C04F79EFBC}") = "SampleServiceMars", "samples\SampleServiceMars\SampleServiceMars.csproj", "{27DDAE5B-3B79-401B-9F90-6F732593C845}"
EndProject
Project("{FAE04EC0-301F-11D3-BF4B-00C04F79EFBC}") = "SampleServiceEarth", "samples\SampleServiceEarth\SampleServiceEarth.csproj", "{7DE55526-583B-407E-BDF9-74D839FDF0E7}"
EndProject
Project("{FAE04EC0-301F-11D3-BF4B-00C04F79EFBC}") = "SampleEvents", "samples\SampleEvents\SampleEvents.csproj", "{3E813E53-0DBF-4D04-84A9-B015D150D634}"
EndProject
Project("{FAE04EC0-301F-11D3-BF4B-00C04F79EFBC}") = "SampleCli", "samples\SampleCli\SampleCli.csproj", "{85E78411-3725-4058-974F-300797F29AD8}"
EndProject
Project("{FAE04EC0-301F-11D3-BF4B-00C04F79EFBC}") = "DistributionEventHub.MongoDB", "src\DistributionEventHub.MongoDB\DistributionEventHub.MongoDB.csproj", "{D1242897-2C81-4C09-9605-6B3411311BD8}"
EndProject
Project("{2150E333-8FDC-42A3-9474-1A3956D46DE8}") = "tests", "tests", "{0AB3BF05-4346-4AA6-1389-037BE0695223}"
EndProject
Project("{FAE04EC0-301F-11D3-BF4B-00C04F79EFBC}") = "DistributionEventHub.UnitTests", "tests\DistributionEventHub.UnitTests\DistributionEventHub.UnitTests.csproj", "{3881B206-FE1F-4C0A-BA0C-E348A8D68B6A}"
EndProject
Project("{FAE04EC0-301F-11D3-BF4B-00C04F79EFBC}") = "DistributionEventHub.IntegrationTests", "tests\DistributionEventHub.IntegrationTests\DistributionEventHub.IntegrationTests.csproj", "{8476C7FB-41A1-47A4-9368-6EC99A44BC75}"
EndProject
Global
	GlobalSection(SolutionConfigurationPlatforms) = preSolution
		Debug|Any CPU = Debug|Any CPU
		Debug|x64 = Debug|x64
		Debug|x86 = Debug|x86
		Release|Any CPU = Release|Any CPU
		Release|x64 = Release|x64
		Release|x86 = Release|x86
		DebugL|Any CPU = DebugL|Any CPU
		DebugL|x64 = DebugL|x64
		DebugL|x86 = DebugL|x86
	EndGlobalSection
	GlobalSection(ProjectConfigurationPlatforms) = postSolution
		{19D6AE42-15BE-46B9-AF9E-812D4E84A6F0}.Debug|Any CPU.ActiveCfg = Debug|Any CPU
		{19D6AE42-15BE-46B9-AF9E-812D4E84A6F0}.Debug|Any CPU.Build.0 = Debug|Any CPU
		{19D6AE42-15BE-46B9-AF9E-812D4E84A6F0}.Debug|x64.ActiveCfg = Debug|Any CPU
		{19D6AE42-15BE-46B9-AF9E-812D4E84A6F0}.Debug|x64.Build.0 = Debug|Any CPU
		{19D6AE42-15BE-46B9-AF9E-812D4E84A6F0}.Debug|x86.ActiveCfg = Debug|Any CPU
		{19D6AE42-15BE-46B9-AF9E-812D4E84A6F0}.Debug|x86.Build.0 = Debug|Any CPU
		{19D6AE42-15BE-46B9-AF9E-812D4E84A6F0}.Release|Any CPU.ActiveCfg = Release|Any CPU
		{19D6AE42-15BE-46B9-AF9E-812D4E84A6F0}.Release|Any CPU.Build.0 = Release|Any CPU
		{19D6AE42-15BE-46B9-AF9E-812D4E84A6F0}.Release|x64.ActiveCfg = Release|Any CPU
		{19D6AE42-15BE-46B9-AF9E-812D4E84A6F0}.Release|x64.Build.0 = Release|Any CPU
		{19D6AE42-15BE-46B9-AF9E-812D4E84A6F0}.Release|x86.ActiveCfg = Release|Any CPU
		{19D6AE42-15BE-46B9-AF9E-812D4E84A6F0}.Release|x86.Build.0 = Release|Any CPU
		{19D6AE42-15BE-46B9-AF9E-812D4E84A6F0}.DebugL|Any CPU.ActiveCfg = DebugL|Any CPU
		{19D6AE42-15BE-46B9-AF9E-812D4E84A6F0}.DebugL|Any CPU.Build.0 = DebugL|Any CPU
		{19D6AE42-15BE-46B9-AF9E-812D4E84A6F0}.DebugL|x64.ActiveCfg = DebugL|Any CPU
		{19D6AE42-15BE-46B9-AF9E-812D4E84A6F0}.DebugL|x64.Build.0 = DebugL|Any CPU
		{19D6AE42-15BE-46B9-AF9E-812D4E84A6F0}.DebugL|x86.ActiveCfg = DebugL|Any CPU
		{19D6AE42-15BE-46B9-AF9E-812D4E84A6F0}.DebugL|x86.Build.0 = DebugL|Any CPU
		{637A4F31-4D74-4C47-8CA9-018E92174128}.Debug|Any CPU.ActiveCfg = Debug|Any CPU
		{637A4F31-4D74-4C47-8CA9-018E92174128}.Debug|Any CPU.Build.0 = Debug|Any CPU
		{637A4F31-4D74-4C47-8CA9-018E92174128}.Debug|x64.ActiveCfg = Debug|Any CPU
		{637A4F31-4D74-4C47-8CA9-018E92174128}.Debug|x64.Build.0 = Debug|Any CPU
		{637A4F31-4D74-4C47-8CA9-018E92174128}.Debug|x86.ActiveCfg = Debug|Any CPU
		{637A4F31-4D74-4C47-8CA9-018E92174128}.Debug|x86.Build.0 = Debug|Any CPU
		{637A4F31-4D74-4C47-8CA9-018E92174128}.Release|Any CPU.ActiveCfg = Release|Any CPU
		{637A4F31-4D74-4C47-8CA9-018E92174128}.Release|Any CPU.Build.0 = Release|Any CPU
		{637A4F31-4D74-4C47-8CA9-018E92174128}.Release|x64.ActiveCfg = Release|Any CPU
		{637A4F31-4D74-4C47-8CA9-018E92174128}.Release|x64.Build.0 = Release|Any CPU
		{637A4F31-4D74-4C47-8CA9-018E92174128}.Release|x86.ActiveCfg = Release|Any CPU
		{637A4F31-4D74-4C47-8CA9-018E92174128}.Release|x86.Build.0 = Release|Any CPU
		{637A4F31-4D74-4C47-8CA9-018E92174128}.DebugL|Any CPU.ActiveCfg = DebugL|Any CPU
		{637A4F31-4D74-4C47-8CA9-018E92174128}.DebugL|Any CPU.Build.0 = DebugL|Any CPU
		{637A4F31-4D74-4C47-8CA9-018E92174128}.DebugL|x64.ActiveCfg = DebugL|Any CPU
		{637A4F31-4D74-4C47-8CA9-018E92174128}.DebugL|x64.Build.0 = DebugL|Any CPU
		{637A4F31-4D74-4C47-8CA9-018E92174128}.DebugL|x86.ActiveCfg = DebugL|Any CPU
		{637A4F31-4D74-4C47-8CA9-018E92174128}.DebugL|x86.Build.0 = DebugL|Any CPU
		{27DDAE5B-3B79-401B-9F90-6F732593C845}.Debug|Any CPU.ActiveCfg = Debug|Any CPU
		{27DDAE5B-3B79-401B-9F90-6F732593C845}.Debug|Any CPU.Build.0 = Debug|Any CPU
		{27DDAE5B-3B79-401B-9F90-6F732593C845}.Debug|x64.ActiveCfg = Debug|Any CPU
		{27DDAE5B-3B79-401B-9F90-6F732593C845}.Debug|x64.Build.0 = Debug|Any CPU
		{27DDAE5B-3B79-401B-9F90-6F732593C845}.Debug|x86.ActiveCfg = Debug|Any CPU
		{27DDAE5B-3B79-401B-9F90-6F732593C845}.Debug|x86.Build.0 = Debug|Any CPU
		{27DDAE5B-3B79-401B-9F90-6F732593C845}.Release|Any CPU.ActiveCfg = Release|Any CPU
		{27DDAE5B-3B79-401B-9F90-6F732593C845}.Release|Any CPU.Build.0 = Release|Any CPU
		{27DDAE5B-3B79-401B-9F90-6F732593C845}.Release|x64.ActiveCfg = Release|Any CPU
		{27DDAE5B-3B79-401B-9F90-6F732593C845}.Release|x64.Build.0 = Release|Any CPU
		{27DDAE5B-3B79-401B-9F90-6F732593C845}.Release|x86.ActiveCfg = Release|Any CPU
		{27DDAE5B-3B79-401B-9F90-6F732593C845}.Release|x86.Build.0 = Release|Any CPU
		{27DDAE5B-3B79-401B-9F90-6F732593C845}.DebugL|Any CPU.ActiveCfg = DebugL|Any CPU
		{27DDAE5B-3B79-401B-9F90-6F732593C845}.DebugL|Any CPU.Build.0 = DebugL|Any CPU
		{27DDAE5B-3B79-401B-9F90-6F732593C845}.DebugL|x64.ActiveCfg = DebugL|Any CPU
		{27DDAE5B-3B79-401B-9F90-6F732593C845}.DebugL|x64.Build.0 = DebugL|Any CPU
		{27DDAE5B-3B79-401B-9F90-6F732593C845}.DebugL|x86.ActiveCfg = DebugL|Any CPU
		{27DDAE5B-3B79-401B-9F90-6F732593C845}.DebugL|x86.Build.0 = DebugL|Any CPU
		{7DE55526-583B-407E-BDF9-74D839FDF0E7}.Debug|Any CPU.ActiveCfg = Debug|Any CPU
		{7DE55526-583B-407E-BDF9-74D839FDF0E7}.Debug|Any CPU.Build.0 = Debug|Any CPU
		{7DE55526-583B-407E-BDF9-74D839FDF0E7}.Debug|x64.ActiveCfg = Debug|Any CPU
		{7DE55526-583B-407E-BDF9-74D839FDF0E7}.Debug|x64.Build.0 = Debug|Any CPU
		{7DE55526-583B-407E-BDF9-74D839FDF0E7}.Debug|x86.ActiveCfg = Debug|Any CPU
		{7DE55526-583B-407E-BDF9-74D839FDF0E7}.Debug|x86.Build.0 = Debug|Any CPU
		{7DE55526-583B-407E-BDF9-74D839FDF0E7}.Release|Any CPU.ActiveCfg = Release|Any CPU
		{7DE55526-583B-407E-BDF9-74D839FDF0E7}.Release|Any CPU.Build.0 = Release|Any CPU
		{7DE55526-583B-407E-BDF9-74D839FDF0E7}.Release|x64.ActiveCfg = Release|Any CPU
		{7DE55526-583B-407E-BDF9-74D839FDF0E7}.Release|x64.Build.0 = Release|Any CPU
		{7DE55526-583B-407E-BDF9-74D839FDF0E7}.Release|x86.ActiveCfg = Release|Any CPU
		{7DE55526-583B-407E-BDF9-74D839FDF0E7}.Release|x86.Build.0 = Release|Any CPU
		{7DE55526-583B-407E-BDF9-74D839FDF0E7}.DebugL|Any CPU.ActiveCfg = DebugL|Any CPU
		{7DE55526-583B-407E-BDF9-74D839FDF0E7}.DebugL|Any CPU.Build.0 = DebugL|Any CPU
		{7DE55526-583B-407E-BDF9-74D839FDF0E7}.DebugL|x64.ActiveCfg = DebugL|Any CPU
		{7DE55526-583B-407E-BDF9-74D839FDF0E7}.DebugL|x64.Build.0 = DebugL|Any CPU
		{7DE55526-583B-407E-BDF9-74D839FDF0E7}.DebugL|x86.ActiveCfg = DebugL|Any CPU
		{7DE55526-583B-407E-BDF9-74D839FDF0E7}.DebugL|x86.Build.0 = DebugL|Any CPU
		{3E813E53-0DBF-4D04-84A9-B015D150D634}.Debug|Any CPU.ActiveCfg = Debug|Any CPU
		{3E813E53-0DBF-4D04-84A9-B015D150D634}.Debug|Any CPU.Build.0 = Debug|Any CPU
		{3E813E53-0DBF-4D04-84A9-B015D150D634}.Debug|x64.ActiveCfg = Debug|Any CPU
		{3E813E53-0DBF-4D04-84A9-B015D150D634}.Debug|x64.Build.0 = Debug|Any CPU
		{3E813E53-0DBF-4D04-84A9-B015D150D634}.Debug|x86.ActiveCfg = Debug|Any CPU
		{3E813E53-0DBF-4D04-84A9-B015D150D634}.Debug|x86.Build.0 = Debug|Any CPU
		{3E813E53-0DBF-4D04-84A9-B015D150D634}.Release|Any CPU.ActiveCfg = Release|Any CPU
		{3E813E53-0DBF-4D04-84A9-B015D150D634}.Release|Any CPU.Build.0 = Release|Any CPU
		{3E813E53-0DBF-4D04-84A9-B015D150D634}.Release|x64.ActiveCfg = Release|Any CPU
		{3E813E53-0DBF-4D04-84A9-B015D150D634}.Release|x64.Build.0 = Release|Any CPU
		{3E813E53-0DBF-4D04-84A9-B015D150D634}.Release|x86.ActiveCfg = Release|Any CPU
		{3E813E53-0DBF-4D04-84A9-B015D150D634}.Release|x86.Build.0 = Release|Any CPU
		{3E813E53-0DBF-4D04-84A9-B015D150D634}.DebugL|Any CPU.ActiveCfg = DebugL|Any CPU
		{3E813E53-0DBF-4D04-84A9-B015D150D634}.DebugL|Any CPU.Build.0 = DebugL|Any CPU
		{3E813E53-0DBF-4D04-84A9-B015D150D634}.DebugL|x64.ActiveCfg = DebugL|Any CPU
		{3E813E53-0DBF-4D04-84A9-B015D150D634}.DebugL|x64.Build.0 = DebugL|Any CPU
		{3E813E53-0DBF-4D04-84A9-B015D150D634}.DebugL|x86.ActiveCfg = DebugL|Any CPU
		{3E813E53-0DBF-4D04-84A9-B015D150D634}.DebugL|x86.Build.0 = DebugL|Any CPU
		{85E78411-3725-4058-974F-300797F29AD8}.Debug|Any CPU.ActiveCfg = Debug|Any CPU
		{85E78411-3725-4058-974F-300797F29AD8}.Debug|Any CPU.Build.0 = Debug|Any CPU
		{85E78411-3725-4058-974F-300797F29AD8}.Debug|x64.ActiveCfg = Debug|Any CPU
		{85E78411-3725-4058-974F-300797F29AD8}.Debug|x64.Build.0 = Debug|Any CPU
		{85E78411-3725-4058-974F-300797F29AD8}.Debug|x86.ActiveCfg = Debug|Any CPU
		{85E78411-3725-4058-974F-300797F29AD8}.Debug|x86.Build.0 = Debug|Any CPU
		{85E78411-3725-4058-974F-300797F29AD8}.Release|Any CPU.ActiveCfg = Release|Any CPU
		{85E78411-3725-4058-974F-300797F29AD8}.Release|Any CPU.Build.0 = Release|Any CPU
		{85E78411-3725-4058-974F-300797F29AD8}.Release|x64.ActiveCfg = Release|Any CPU
		{85E78411-3725-4058-974F-300797F29AD8}.Release|x64.Build.0 = Release|Any CPU
		{85E78411-3725-4058-974F-300797F29AD8}.Release|x86.ActiveCfg = Release|Any CPU
		{85E78411-3725-4058-974F-300797F29AD8}.Release|x86.Build.0 = Release|Any CPU
		{85E78411-3725-4058-974F-300797F29AD8}.DebugL|Any CPU.ActiveCfg = DebugL|Any CPU
		{85E78411-3725-4058-974F-300797F29AD8}.DebugL|Any CPU.Build.0 = DebugL|Any CPU
		{85E78411-3725-4058-974F-300797F29AD8}.DebugL|x64.ActiveCfg = DebugL|Any CPU
		{85E78411-3725-4058-974F-300797F29AD8}.DebugL|x64.Build.0 = DebugL|Any CPU
		{85E78411-3725-4058-974F-300797F29AD8}.DebugL|x86.ActiveCfg = DebugL|Any CPU
		{85E78411-3725-4058-974F-300797F29AD8}.DebugL|x86.Build.0 = DebugL|Any CPU
		{D1242897-2C81-4C09-9605-6B3411311BD8}.Debug|Any CPU.ActiveCfg = Debug|Any CPU
		{D1242897-2C81-4C09-9605-6B3411311BD8}.Debug|Any CPU.Build.0 = Debug|Any CPU
		{D1242897-2C81-4C09-9605-6B3411311BD8}.Debug|x64.ActiveCfg = Debug|Any CPU
		{D1242897-2C81-4C09-9605-6B3411311BD8}.Debug|x64.Build.0 = Debug|Any CPU
		{D1242897-2C81-4C09-9605-6B3411311BD8}.Debug|x86.ActiveCfg = Debug|Any CPU
		{D1242897-2C81-4C09-9605-6B3411311BD8}.Debug|x86.Build.0 = Debug|Any CPU
		{D1242897-2C81-4C09-9605-6B3411311BD8}.Release|Any CPU.ActiveCfg = Release|Any CPU
		{D1242897-2C81-4C09-9605-6B3411311BD8}.Release|Any CPU.Build.0 = Release|Any CPU
		{D1242897-2C81-4C09-9605-6B3411311BD8}.Release|x64.ActiveCfg = Release|Any CPU
		{D1242897-2C81-4C09-9605-6B3411311BD8}.Release|x64.Build.0 = Release|Any CPU
		{D1242897-2C81-4C09-9605-6B3411311BD8}.Release|x86.ActiveCfg = Release|Any CPU
		{D1242897-2C81-4C09-9605-6B3411311BD8}.Release|x86.Build.0 = Release|Any CPU
		{D1242897-2C81-4C09-9605-6B3411311BD8}.DebugL|Any CPU.ActiveCfg = DebugL|Any CPU
		{D1242897-2C81-4C09-9605-6B3411311BD8}.DebugL|Any CPU.Build.0 = DebugL|Any CPU
		{D1242897-2C81-4C09-9605-6B3411311BD8}.DebugL|x64.ActiveCfg = DebugL|Any CPU
		{D1242897-2C81-4C09-9605-6B3411311BD8}.DebugL|x64.Build.0 = DebugL|Any CPU
		{D1242897-2C81-4C09-9605-6B3411311BD8}.DebugL|x86.ActiveCfg = DebugL|Any CPU
		{D1242897-2C81-4C09-9605-6B3411311BD8}.DebugL|x86.Build.0 = DebugL|Any CPU
		{3881B206-FE1F-4C0A-BA0C-E348A8D68B6A}.Debug|Any CPU.ActiveCfg = Debug|Any CPU
		{3881B206-FE1F-4C0A-BA0C-E348A8D68B6A}.Debug|Any CPU.Build.0 = Debug|Any CPU
		{3881B206-FE1F-4C0A-BA0C-E348A8D68B6A}.Debug|x64.ActiveCfg = Debug|Any CPU
		{3881B206-FE1F-4C0A-BA0C-E348A8D68B6A}.Debug|x64.Build.0 = Debug|Any CPU
		{3881B206-FE1F-4C0A-BA0C-E348A8D68B6A}.Debug|x86.ActiveCfg = Debug|Any CPU
		{3881B206-FE1F-4C0A-BA0C-E348A8D68B6A}.Debug|x86.Build.0 = Debug|Any CPU
		{3881B206-FE1F-4C0A-BA0C-E348A8D68B6A}.Release|Any CPU.ActiveCfg = Release|Any CPU
		{3881B206-FE1F-4C0A-BA0C-E348A8D68B6A}.Release|Any CPU.Build.0 = Release|Any CPU
		{3881B206-FE1F-4C0A-BA0C-E348A8D68B6A}.Release|x64.ActiveCfg = Release|Any CPU
		{3881B206-FE1F-4C0A-BA0C-E348A8D68B6A}.Release|x64.Build.0 = Release|Any CPU
		{3881B206-FE1F-4C0A-BA0C-E348A8D68B6A}.Release|x86.ActiveCfg = Release|Any CPU
		{3881B206-FE1F-4C0A-BA0C-E348A8D68B6A}.Release|x86.Build.0 = Release|Any CPU
		{3881B206-FE1F-4C0A-BA0C-E348A8D68B6A}.DebugL|Any CPU.ActiveCfg = Debug|Any CPU
		{3881B206-FE1F-4C0A-BA0C-E348A8D68B6A}.DebugL|Any CPU.Build.0 = Debug|Any CPU
		{3881B206-FE1F-4C0A-BA0C-E348A8D68B6A}.DebugL|x64.ActiveCfg = Debug|Any CPU
		{3881B206-FE1F-4C0A-BA0C-E348A8D68B6A}.DebugL|x64.Build.0 = Debug|Any CPU
		{3881B206-FE1F-4C0A-BA0C-E348A8D68B6A}.DebugL|x86.ActiveCfg = Debug|Any CPU
		{3881B206-FE1F-4C0A-BA0C-E348A8D68B6A}.DebugL|x86.Build.0 = Debug|Any CPU
		{8476C7FB-41A1-47A4-9368-6EC99A44BC75}.Debug|Any CPU.ActiveCfg = Debug|Any CPU
		{8476C7FB-41A1-47A4-9368-6EC99A44BC75}.Debug|Any CPU.Build.0 = Debug|Any CPU
		{8476C7FB-41A1-47A4-9368-6EC99A44BC75}.Debug|x64.ActiveCfg = Debug|Any CPU
		{8476C7FB-41A1-47A4-9368-6EC99A44BC75}.Debug|x64.Build.0 = Debug|Any CPU
		{8476C7FB-41A1-47A4-9368-6EC99A44BC75}.Debug|x86.ActiveCfg = Debug|Any CPU
		{8476C7FB-41A1-47A4-9368-6EC99A44BC75}.Debug|x86.Build.0 = Debug|Any CPU
		{8476C7FB-41A1-47A4-9368-6EC99A44BC75}.Release|Any CPU.ActiveCfg = Release|Any CPU
		{8476C7FB-41A1-47A4-9368-6EC99A44BC75}.Release|Any CPU.Build.0 = Release|Any CPU
		{8476C7FB-41A1-47A4-9368-6EC99A44BC75}.Release|x64.ActiveCfg = Release|Any CPU
		{8476C7FB-41A1-47A4-9368-6EC99A44BC75}.Release|x64.Build.0 = Release|Any CPU
		{8476C7FB-41A1-47A4-9368-6EC99A44BC75}.Release|x86.ActiveCfg = Release|Any CPU
		{8476C7FB-41A1-47A4-9368-6EC99A44BC75}.Release|x86.Build.0 = Release|Any CPU
		{8476C7FB-41A1-47A4-9368-6EC99A44BC75}.DebugL|Any CPU.ActiveCfg = Debug|Any CPU
		{8476C7FB-41A1-47A4-9368-6EC99A44BC75}.DebugL|Any CPU.Build.0 = Debug|Any CPU
		{8476C7FB-41A1-47A4-9368-6EC99A44BC75}.DebugL|x64.ActiveCfg = Debug|Any CPU
		{8476C7FB-41A1-47A4-9368-6EC99A44BC75}.DebugL|x64.Build.0 = Debug|Any CPU
		{8476C7FB-41A1-47A4-9368-6EC99A44BC75}.DebugL|x86.ActiveCfg = Debug|Any CPU
		{8476C7FB-41A1-47A4-9368-6EC99A44BC75}.DebugL|x86.Build.0 = Debug|Any CPU
	EndGlobalSection
	GlobalSection(SolutionProperties) = preSolution
		HideSolutionNode = FALSE
	EndGlobalSection
	GlobalSection(NestedProjects) = preSolution
		{637A4F31-4D74-4C47-8CA9-018E92174128} = {123C0A4C-7E09-4255-ACFB-F24DB842ACB3}
		{27DDAE5B-3B79-401B-9F90-6F732593C845} = {123C0A4C-7E09-4255-ACFB-F24DB842ACB3}
		{7DE55526-583B-407E-BDF9-74D839FDF0E7} = {123C0A4C-7E09-4255-ACFB-F24DB842ACB3}
		{3E813E53-0DBF-4D04-84A9-B015D150D634} = {123C0A4C-7E09-4255-ACFB-F24DB842ACB3}
		{85E78411-3725-4058-974F-300797F29AD8} = {123C0A4C-7E09-4255-ACFB-F24DB842ACB3}
		{3881B206-FE1F-4C0A-BA0C-E348A8D68B6A} = {0AB3BF05-4346-4AA6-1389-037BE0695223}
		{8476C7FB-41A1-47A4-9368-6EC99A44BC75} = {0AB3BF05-4346-4AA6-1389-037BE0695223}
	EndGlobalSection
EndGlobal
